
Microsoft Visual Studio Solution File, Format Version 12.00
# Visual Studio Version 17
VisualStudioVersion = 17.11.35303.130
MinimumVisualStudioVersion = 10.0.40219.1
Project("{9A19103F-16F7-4668-BE54-9A1E7A4F7556}") = "Adapter1", "Adapter\Adapter1.csproj", "{6AC651CC-1676-44C1-B77F-BA78E61E417A}"
EndProject
Project("{9A19103F-16F7-4668-BE54-9A1E7A4F7556}") = "Composite1", "Composite\Composite1.csproj", "{CBD02C6C-88B8-4FEB-9072-58AFA800D967}"
EndProject
Project("{9A19103F-16F7-4668-BE54-9A1E7A4F7556}") = "Decorator1", "Decorator1\Decorator1.csproj", "{1F776690-48BD-4F7D-AF04-D9FF186ABEF2}"
EndProject
Project("{9A19103F-16F7-4668-BE54-9A1E7A4F7556}") = "facade1", "facade1\facade1.csproj", "{7D5A7D36-EF00-4774-91A0-90AAA73D2925}"
EndProject
Project("{9A19103F-16F7-4668-BE54-9A1E7A4F7556}") = "Flyweight1", "Flyweight\Flyweight1.csproj", "{0823D304-2933-4D52-953A-245E2CEC79EB}"
EndProject
Project("{FAE04EC0-301F-11D3-BF4B-00C04F79EFBC}") = "BridgePatternDemo1", "BridgePatternDemo1\BridgePatternDemo1.csproj", "{4E534624-5D01-489E-979D-31BD9F0D880E}"
EndProject
Global
	GlobalSection(SolutionConfigurationPlatforms) = preSolution
		Debug|Any CPU = Debug|Any CPU
		Release|Any CPU = Release|Any CPU
	EndGlobalSection
	GlobalSection(ProjectConfigurationPlatforms) = postSolution
		{6AC651CC-1676-44C1-B77F-BA78E61E417A}.Debug|Any CPU.ActiveCfg = Debug|Any CPU
		{6AC651CC-1676-44C1-B77F-BA78E61E417A}.Debug|Any CPU.Build.0 = Debug|Any CPU
		{6AC651CC-1676-44C1-B77F-BA78E61E417A}.Release|Any CPU.ActiveCfg = Release|Any CPU
		{6AC651CC-1676-44C1-B77F-BA78E61E417A}.Release|Any CPU.Build.0 = Release|Any CPU
		{CBD02C6C-88B8-4FEB-9072-58AFA800D967}.Debug|Any CPU.ActiveCfg = Debug|Any CPU
		{CBD02C6C-88B8-4FEB-9072-58AFA800D967}.Debug|Any CPU.Build.0 = Debug|Any CPU
		{CBD02C6C-88B8-4FEB-9072-58AFA800D967}.Release|Any CPU.ActiveCfg = Release|Any CPU
		{CBD02C6C-88B8-4FEB-9072-58AFA800D967}.Release|Any CPU.Build.0 = Release|Any CPU
		{1F776690-48BD-4F7D-AF04-D9FF186ABEF2}.Debug|Any CPU.ActiveCfg = Debug|Any CPU
		{1F776690-48BD-4F7D-AF04-D9FF186ABEF2}.Debug|Any CPU.Build.0 = Debug|Any CPU
		{1F776690-48BD-4F7D-AF04-D9FF186ABEF2}.Release|Any CPU.ActiveCfg = Release|Any CPU
		{1F776690-48BD-4F7D-AF04-D9FF186ABEF2}.Release|Any CPU.Build.0 = Release|Any CPU
		{7D5A7D36-EF00-4774-91A0-90AAA73D2925}.Debug|Any CPU.ActiveCfg = Debug|Any CPU
		{7D5A7D36-EF00-4774-91A0-90AAA73D2925}.Debug|Any CPU.Build.0 = Debug|Any CPU
		{7D5A7D36-EF00-4774-91A0-90AAA73D2925}.Release|Any CPU.ActiveCfg = Release|Any CPU
		{7D5A7D36-EF00-4774-91A0-90AAA73D2925}.Release|Any CPU.Build.0 = Release|Any CPU
		{0823D304-2933-4D52-953A-245E2CEC79EB}.Debug|Any CPU.ActiveCfg = Debug|Any CPU
		{0823D304-2933-4D52-953A-245E2CEC79EB}.Debug|Any CPU.Build.0 = Debug|Any CPU
		{0823D304-2933-4D52-953A-245E2CEC79EB}.Release|Any CPU.ActiveCfg = Release|Any CPU
		{0823D304-2933-4D52-953A-245E2CEC79EB}.Release|Any CPU.Build.0 = Release|Any CPU
		{4E534624-5D01-489E-979D-31BD9F0D880E}.Debug|Any CPU.ActiveCfg = Debug|Any CPU
		{4E534624-5D01-489E-979D-31BD9F0D880E}.Debug|Any CPU.Build.0 = Debug|Any CPU
		{4E534624-5D01-489E-979D-31BD9F0D880E}.Release|Any CPU.ActiveCfg = Release|Any CPU
		{4E534624-5D01-489E-979D-31BD9F0D880E}.Release|Any CPU.Build.0 = Release|Any CPU
	EndGlobalSection
	GlobalSection(SolutionProperties) = preSolution
		HideSolutionNode = FALSE
	EndGlobalSection
	GlobalSection(ExtensibilityGlobals) = postSolution
		SolutionGuid = {52F30DE9-D4C3-4AE9-81EF-6EE405BFC26C}
	EndGlobalSection
EndGlobal
