
Microsoft Visual Studio Solution File, Format Version 12.00
# Visual Studio Version 17
VisualStudioVersion = 17.9.34723.18
MinimumVisualStudioVersion = 10.0.40219.1
Project("{2150E333-8FDC-42A3-9474-1A3956D46DE8}") = "creationalPatterns", "creationalPatterns", "{832B0A9C-E164-4747-A2D3-3FF8C3CB4585}"
EndProject
Project("{9A19103F-16F7-4668-BE54-9A1E7A4F7556}") = "fm1", "fm1\fm1.csproj", "{CD7CA495-C90E-446D-875D-537A6940056F}"
EndProject
Project("{9A19103F-16F7-4668-BE54-9A1E7A4F7556}") = "fm4", "fm4\fm4.csproj", "{ADF74D1D-4075-4BE4-A8D9-8FABF06019D4}"
EndProject
Project("{9A19103F-16F7-4668-BE54-9A1E7A4F7556}") = "student", "Practice1\student.csproj", "{2FB079A5-A0E5-4DE8-BB27-227C7CACC299}"
EndProject
Project("{2150E333-8FDC-42A3-9474-1A3956D46DE8}") = "abstractFactory", "abstractFactory", "{69F125DF-EC6B-4500-A49A-F8E64E4EAC99}"
EndProject
Project("{2150E333-8FDC-42A3-9474-1A3956D46DE8}") = "factoryMethod", "factoryMethod", "{1CD27D2D-C38E-492A-AFBA-D6821B4DD9E2}"
EndProject
Project("{2150E333-8FDC-42A3-9474-1A3956D46DE8}") = "university", "university", "{F863DD2C-65DE-4E59-923F-2D981A2FDF17}"
EndProject
Project("{9A19103F-16F7-4668-BE54-9A1E7A4F7556}") = "sol1", "sol1\sol1.csproj", "{D0F7B76B-EBCF-4F95-89E1-8E65A6B96853}"
EndProject
Project("{9A19103F-16F7-4668-BE54-9A1E7A4F7556}") = "sol1", "sol2\sol1.csproj", "{96AC5276-533B-4EB7-A7ED-85B63E97DC0D}"
EndProject
Project("{2150E333-8FDC-42A3-9474-1A3956D46DE8}") = "gui", "gui", "{A4A9E17D-2361-4FA9-8B09-1E1017110844}"
EndProject
Project("{2150E333-8FDC-42A3-9474-1A3956D46DE8}") = "practice", "practice", "{6FE271D4-2499-4327-883E-E0CBDAB99D4D}"
EndProject
Project("{9A19103F-16F7-4668-BE54-9A1E7A4F7556}") = "hotel", "hotel\hotel.csproj", "{1CE50B13-6645-456C-97A6-58C3C6F0EE33}"
EndProject
Project("{2150E333-8FDC-42A3-9474-1A3956D46DE8}") = "practice", "practice", "{203F1EEC-5193-4062-B41B-86F1461CC5EB}"
EndProject
Project("{2150E333-8FDC-42A3-9474-1A3956D46DE8}") = "singleton", "singleton", "{1BAD2536-AE36-4174-BCE4-2B8FB2642D5F}"
EndProject
Project("{FAE04EC0-301F-11D3-BF4B-00C04F79EFBC}") = "Singleton", "Singleton\Singleton.csproj", "{38F2E1D8-C082-4431-8EB4-F6FEF1DA1465}"
EndProject
Project("{2150E333-8FDC-42A3-9474-1A3956D46DE8}") = "Prototype", "Prototype", "{FD4BBF99-C442-4657-8D4C-7366A0180AB3}"
EndProject
Project("{FAE04EC0-301F-11D3-BF4B-00C04F79EFBC}") = "Test1", "Test1\Test1.csproj", "{B19859A7-B2AD-4BB6-B243-183607853A84}"
EndProject
Project("{2150E333-8FDC-42A3-9474-1A3956D46DE8}") = "Builder", "Builder", "{5F19F495-C5A0-4000-8069-D185936E6FE3}"
EndProject
Project("{FAE04EC0-301F-11D3-BF4B-00C04F79EFBC}") = "Computer1", "Computer1\Computer1.csproj", "{790B0980-A3AA-4EFC-9579-67E0EF93D75F}"
EndProject
Global
	GlobalSection(SolutionConfigurationPlatforms) = preSolution
		Debug|Any CPU = Debug|Any CPU
		Release|Any CPU = Release|Any CPU
	EndGlobalSection
	GlobalSection(ProjectConfigurationPlatforms) = postSolution
		{CD7CA495-C90E-446D-875D-537A6940056F}.Debug|Any CPU.ActiveCfg = Debug|Any CPU
		{CD7CA495-C90E-446D-875D-537A6940056F}.Debug|Any CPU.Build.0 = Debug|Any CPU
		{CD7CA495-C90E-446D-875D-537A6940056F}.Release|Any CPU.ActiveCfg = Release|Any CPU
		{CD7CA495-C90E-446D-875D-537A6940056F}.Release|Any CPU.Build.0 = Release|Any CPU
		{ADF74D1D-4075-4BE4-A8D9-8FABF06019D4}.Debug|Any CPU.ActiveCfg = Debug|Any CPU
		{ADF74D1D-4075-4BE4-A8D9-8FABF06019D4}.Debug|Any CPU.Build.0 = Debug|Any CPU
		{ADF74D1D-4075-4BE4-A8D9-8FABF06019D4}.Release|Any CPU.ActiveCfg = Release|Any CPU
		{ADF74D1D-4075-4BE4-A8D9-8FABF06019D4}.Release|Any CPU.Build.0 = Release|Any CPU
		{2FB079A5-A0E5-4DE8-BB27-227C7CACC299}.Debug|Any CPU.ActiveCfg = Debug|Any CPU
		{2FB079A5-A0E5-4DE8-BB27-227C7CACC299}.Debug|Any CPU.Build.0 = Debug|Any CPU
		{2FB079A5-A0E5-4DE8-BB27-227C7CACC299}.Release|Any CPU.ActiveCfg = Release|Any CPU
		{2FB079A5-A0E5-4DE8-BB27-227C7CACC299}.Release|Any CPU.Build.0 = Release|Any CPU
		{D0F7B76B-EBCF-4F95-89E1-8E65A6B96853}.Debug|Any CPU.ActiveCfg = Debug|Any CPU
		{D0F7B76B-EBCF-4F95-89E1-8E65A6B96853}.Debug|Any CPU.Build.0 = Debug|Any CPU
		{D0F7B76B-EBCF-4F95-89E1-8E65A6B96853}.Release|Any CPU.ActiveCfg = Release|Any CPU
		{D0F7B76B-EBCF-4F95-89E1-8E65A6B96853}.Release|Any CPU.Build.0 = Release|Any CPU
		{96AC5276-533B-4EB7-A7ED-85B63E97DC0D}.Debug|Any CPU.ActiveCfg = Debug|Any CPU
		{96AC5276-533B-4EB7-A7ED-85B63E97DC0D}.Debug|Any CPU.Build.0 = Debug|Any CPU
		{96AC5276-533B-4EB7-A7ED-85B63E97DC0D}.Release|Any CPU.ActiveCfg = Release|Any CPU
		{96AC5276-533B-4EB7-A7ED-85B63E97DC0D}.Release|Any CPU.Build.0 = Release|Any CPU
		{1CE50B13-6645-456C-97A6-58C3C6F0EE33}.Debug|Any CPU.ActiveCfg = Debug|Any CPU
		{1CE50B13-6645-456C-97A6-58C3C6F0EE33}.Debug|Any CPU.Build.0 = Debug|Any CPU
		{1CE50B13-6645-456C-97A6-58C3C6F0EE33}.Release|Any CPU.ActiveCfg = Release|Any CPU
		{1CE50B13-6645-456C-97A6-58C3C6F0EE33}.Release|Any CPU.Build.0 = Release|Any CPU
		{38F2E1D8-C082-4431-8EB4-F6FEF1DA1465}.Debug|Any CPU.ActiveCfg = Debug|Any CPU
		{38F2E1D8-C082-4431-8EB4-F6FEF1DA1465}.Debug|Any CPU.Build.0 = Debug|Any CPU
		{38F2E1D8-C082-4431-8EB4-F6FEF1DA1465}.Release|Any CPU.ActiveCfg = Release|Any CPU
		{38F2E1D8-C082-4431-8EB4-F6FEF1DA1465}.Release|Any CPU.Build.0 = Release|Any CPU
		{B19859A7-B2AD-4BB6-B243-183607853A84}.Debug|Any CPU.ActiveCfg = Debug|Any CPU
		{B19859A7-B2AD-4BB6-B243-183607853A84}.Debug|Any CPU.Build.0 = Debug|Any CPU
		{B19859A7-B2AD-4BB6-B243-183607853A84}.Release|Any CPU.ActiveCfg = Release|Any CPU
		{B19859A7-B2AD-4BB6-B243-183607853A84}.Release|Any CPU.Build.0 = Release|Any CPU
		{790B0980-A3AA-4EFC-9579-67E0EF93D75F}.Debug|Any CPU.ActiveCfg = Debug|Any CPU
		{790B0980-A3AA-4EFC-9579-67E0EF93D75F}.Debug|Any CPU.Build.0 = Debug|Any CPU
		{790B0980-A3AA-4EFC-9579-67E0EF93D75F}.Release|Any CPU.ActiveCfg = Release|Any CPU
		{790B0980-A3AA-4EFC-9579-67E0EF93D75F}.Release|Any CPU.Build.0 = Release|Any CPU
	EndGlobalSection
	GlobalSection(SolutionProperties) = preSolution
		HideSolutionNode = FALSE
	EndGlobalSection
	GlobalSection(NestedProjects) = preSolution
		{CD7CA495-C90E-446D-875D-537A6940056F} = {1CD27D2D-C38E-492A-AFBA-D6821B4DD9E2}
		{ADF74D1D-4075-4BE4-A8D9-8FABF06019D4} = {1CD27D2D-C38E-492A-AFBA-D6821B4DD9E2}
		{2FB079A5-A0E5-4DE8-BB27-227C7CACC299} = {203F1EEC-5193-4062-B41B-86F1461CC5EB}
		{69F125DF-EC6B-4500-A49A-F8E64E4EAC99} = {832B0A9C-E164-4747-A2D3-3FF8C3CB4585}
		{1CD27D2D-C38E-492A-AFBA-D6821B4DD9E2} = {832B0A9C-E164-4747-A2D3-3FF8C3CB4585}
		{F863DD2C-65DE-4E59-923F-2D981A2FDF17} = {69F125DF-EC6B-4500-A49A-F8E64E4EAC99}
		{D0F7B76B-EBCF-4F95-89E1-8E65A6B96853} = {F863DD2C-65DE-4E59-923F-2D981A2FDF17}
		{96AC5276-533B-4EB7-A7ED-85B63E97DC0D} = {A4A9E17D-2361-4FA9-8B09-1E1017110844}
		{A4A9E17D-2361-4FA9-8B09-1E1017110844} = {69F125DF-EC6B-4500-A49A-F8E64E4EAC99}
		{6FE271D4-2499-4327-883E-E0CBDAB99D4D} = {69F125DF-EC6B-4500-A49A-F8E64E4EAC99}
		{1CE50B13-6645-456C-97A6-58C3C6F0EE33} = {6FE271D4-2499-4327-883E-E0CBDAB99D4D}
		{203F1EEC-5193-4062-B41B-86F1461CC5EB} = {1CD27D2D-C38E-492A-AFBA-D6821B4DD9E2}
		{1BAD2536-AE36-4174-BCE4-2B8FB2642D5F} = {832B0A9C-E164-4747-A2D3-3FF8C3CB4585}
		{38F2E1D8-C082-4431-8EB4-F6FEF1DA1465} = {1BAD2536-AE36-4174-BCE4-2B8FB2642D5F}
		{FD4BBF99-C442-4657-8D4C-7366A0180AB3} = {832B0A9C-E164-4747-A2D3-3FF8C3CB4585}
		{B19859A7-B2AD-4BB6-B243-183607853A84} = {FD4BBF99-C442-4657-8D4C-7366A0180AB3}
		{5F19F495-C5A0-4000-8069-D185936E6FE3} = {832B0A9C-E164-4747-A2D3-3FF8C3CB4585}
		{790B0980-A3AA-4EFC-9579-67E0EF93D75F} = {5F19F495-C5A0-4000-8069-D185936E6FE3}
	EndGlobalSection
	GlobalSection(ExtensibilityGlobals) = postSolution
		SolutionGuid = {75B27AA7-35AC-4DF9-A6E5-49A617D44739}
	EndGlobalSection
EndGlobal
